<?xml version="1.0" encoding="utf-8"?>
<Project ToolsVersion="4.0" xmlns="http://schemas.microsoft.com/developer/msbuild/2003">
  <ItemGroup>
    <ClCompile Include="CertificateValidator.cpp">
      <Filter>Source</Filter>
    </ClCompile>
    <ClCompile Include="main.cpp">
      <Filter>Source</Filter>
    </ClCompile>
    <ClCompile Include="QuicClient.cpp">
      <Filter>Source</Filter>
    </ClCompile>
    <ClCompile Include="QuicWrapper.cpp">
      <Filter>Source</Filter>
    </ClCompile>
  </ItemGroup>
  <ItemGroup>
    <None Include="vcpkg.json" />
    <None Include="vcpkg-configuration.json" />
  </ItemGroup>
  <ItemGroup>
    <ClInclude Include="Assert.h">
      <Filter>Source</Filter>
    </ClInclude>
    <ClInclude Include="CertificateValidator.h">
      <Filter>Source</Filter>
    </ClInclude>
    <ClInclude Include="QuicClient.h">
      <Filter>Source</Filter>
    </ClInclude>
    <ClInclude Include="QuicWrapper.h">
      <Filter>Source</Filter>
    </ClInclude>
  </ItemGroup>
  <ItemGroup>
    <Filter Include="Source">
      <UniqueIdentifier>{5b765575-69fc-4e0e-b73f-982d41066ad3}</UniqueIdentifier>
    </Filter>
  </ItemGroup>
</Project>