<?xml version="1.0" encoding="utf-8"?>
<Project ToolsVersion="4.0" xmlns="http://schemas.microsoft.com/developer/msbuild/2003">
  <ItemGroup>
    <Filter Include="ThirdParty">
      <UniqueIdentifier>{31ce1df5-8749-4f0c-9736-62148ca7bd19}</UniqueIdentifier>
    </Filter>
    <Filter Include="Private">
      <UniqueIdentifier>{c55ae5b3-2427-4eac-a133-38ba7f891590}</UniqueIdentifier>
    </Filter>
    <Filter Include="ThirdParty\include">
      <UniqueIdentifier>{ea03663f-3bfd-4c59-97fd-32807e51240f}</UniqueIdentifier>
    </Filter>
  </ItemGroup>
  <ItemGroup>
    <ClInclude Include="ThirdParty\ClientNative\include\msquic.h">
      <Filter>ThirdParty\include</Filter>
    </ClInclude>
    <ClInclude Include="Private\ClientNative\QuicWrapper.h">
      <Filter>Private</Filter>
    </ClInclude>
    <ClInclude Include="Private\ClientNative\Assert.h">
      <Filter>Private</Filter>
    </ClInclude>
    <ClInclude Include="Private\ClientNative\QuicClient.h">
      <Filter>Private</Filter>
    </ClInclude>
  </ItemGroup>
  <ItemGroup>
    <ClCompile Include="main.cpp" />
    <ClCompile Include="Private\ClientNative\QuicWrapper.cpp">
      <Filter>Private</Filter>
    </ClCompile>
    <ClCompile Include="Private\ClientNative\QuicClient.cpp">
      <Filter>Private</Filter>
    </ClCompile>
  </ItemGroup>
</Project>